
Microsoft Visual Studio Solution File, Format Version 12.00
# Visual Studio 15
VisualStudioVersion = 15.0.26009.0
MinimumVisualStudioVersion = 10.0.40219.1
Project("{FAE04EC0-301F-11D3-BF4B-00C04F79EFBC}") = "guid_api", "guid_api\guid_api.csproj", "{2A587678-FC8A-4819-987F-E4698B97980F}"
EndProject
Project("{FAE04EC0-301F-11D3-BF4B-00C04F79EFBC}") = "guid_api.Tests", "guid_api.Tests\guid_api.Tests.csproj", "{AE250837-F747-445E-89CE-CBC78FD1555B}"
EndProject
Global
	GlobalSection(SolutionConfigurationPlatforms) = preSolution
		Debug|Any CPU = Debug|Any CPU
		Release|Any CPU = Release|Any CPU
	EndGlobalSection
	GlobalSection(ProjectConfigurationPlatforms) = postSolution
		{2A587678-FC8A-4819-987F-E4698B97980F}.Debug|Any CPU.ActiveCfg = Debug|Any CPU
		{2A587678-FC8A-4819-987F-E4698B97980F}.Debug|Any CPU.Build.0 = Debug|Any CPU
		{2A587678-FC8A-4819-987F-E4698B97980F}.Release|Any CPU.ActiveCfg = Release|Any CPU
		{2A587678-FC8A-4819-987F-E4698B97980F}.Release|Any CPU.Build.0 = Release|Any CPU
		{AE250837-F747-445E-89CE-CBC78FD1555B}.Debug|Any CPU.ActiveCfg = Debug|Any CPU
		{AE250837-F747-445E-89CE-CBC78FD1555B}.Debug|Any CPU.Build.0 = Debug|Any CPU
		{AE250837-F747-445E-89CE-CBC78FD1555B}.Release|Any CPU.ActiveCfg = Release|Any CPU
		{AE250837-F747-445E-89CE-CBC78FD1555B}.Release|Any CPU.Build.0 = Release|Any CPU
	EndGlobalSection
	GlobalSection(SolutionProperties) = preSolution
		HideSolutionNode = FALSE
	EndGlobalSection
EndGlobal
